
Microsoft Visual Studio Solution File, Format Version 12.00
# Visual Studio Version 17
VisualStudioVersion = 17.0.31903.59
MinimumVisualStudioVersion = 10.0.40219.1
Project("{FAE04EC0-301F-11D3-BF4B-00C04F79EFBC}") = "Client", "Client\Client.csproj", "{F60F2E98-E6BB-4327-B2EB-A091A2290B83}"
EndProject
Project("{FAE04EC0-301F-11D3-BF4B-00C04F79EFBC}") = "Functions2025", "Functions2025\Functions2025.csproj", "{BCBABED2-A75B-448D-B8F1-0E3EB747FBF5}"
EndProject
Project("{FAE04EC0-301F-11D3-BF4B-00C04F79EFBC}") = "SchoolLibrary", "SchoolLibrary\SchoolLibrary.csproj", "{12C025E9-E3F6-4EF6-96CB-82FFA832734D}"
EndProject
Global
	GlobalSection(SolutionConfigurationPlatforms) = preSolution
		Debug|Any CPU = Debug|Any CPU
		Release|Any CPU = Release|Any CPU
	EndGlobalSection
	GlobalSection(SolutionProperties) = preSolution
		HideSolutionNode = FALSE
	EndGlobalSection
	GlobalSection(ProjectConfigurationPlatforms) = postSolution
		{F60F2E98-E6BB-4327-B2EB-A091A2290B83}.Debug|Any CPU.ActiveCfg = Debug|Any CPU
		{F60F2E98-E6BB-4327-B2EB-A091A2290B83}.Debug|Any CPU.Build.0 = Debug|Any CPU
		{F60F2E98-E6BB-4327-B2EB-A091A2290B83}.Release|Any CPU.ActiveCfg = Release|Any CPU
		{F60F2E98-E6BB-4327-B2EB-A091A2290B83}.Release|Any CPU.Build.0 = Release|Any CPU
		{BCBABED2-A75B-448D-B8F1-0E3EB747FBF5}.Debug|Any CPU.ActiveCfg = Debug|Any CPU
		{BCBABED2-A75B-448D-B8F1-0E3EB747FBF5}.Debug|Any CPU.Build.0 = Debug|Any CPU
		{BCBABED2-A75B-448D-B8F1-0E3EB747FBF5}.Release|Any CPU.ActiveCfg = Release|Any CPU
		{BCBABED2-A75B-448D-B8F1-0E3EB747FBF5}.Release|Any CPU.Build.0 = Release|Any CPU
		{12C025E9-E3F6-4EF6-96CB-82FFA832734D}.Debug|Any CPU.ActiveCfg = Debug|Any CPU
		{12C025E9-E3F6-4EF6-96CB-82FFA832734D}.Debug|Any CPU.Build.0 = Debug|Any CPU
		{12C025E9-E3F6-4EF6-96CB-82FFA832734D}.Release|Any CPU.ActiveCfg = Release|Any CPU
		{12C025E9-E3F6-4EF6-96CB-82FFA832734D}.Release|Any CPU.Build.0 = Release|Any CPU
	EndGlobalSection
EndGlobal
